<?xml version="1.0" encoding="utf-8"?>
<Project ToolsVersion="4.0" xmlns="http://schemas.microsoft.com/developer/msbuild/2003">
  <ItemGroup>
    <Filter Include="Source Files">
      <UniqueIdentifier>{4FC737F1-C7A5-4376-A066-2A32D752A2FF}</UniqueIdentifier>
      <Extensions>cpp;c;cc;cxx;c++;cppm;ixx;def;odl;idl;hpj;bat;asm;asmx</Extensions>
    </Filter>
    <Filter Include="Header Files">
      <UniqueIdentifier>{93995380-89BD-4b04-88EB-625FBE52EBFB}</UniqueIdentifier>
      <Extensions>h;hh;hpp;hxx;h++;hm;inl;inc;ipp;xsd</Extensions>
    </Filter>
    <Filter Include="Resource Files">
      <UniqueIdentifier>{67DA6AB6-F800-4c08-8B7A-83BB121AAD01}</UniqueIdentifier>
      <Extensions>rc;ico;cur;bmp;dlg;rc2;rct;bin;rgs;gif;jpg;jpeg;jpe;resx;tiff;tif;png;wav;mfcribbon-ms</Extensions>
    </Filter>
    <Filter Include="Source Files\Common">
      <UniqueIdentifier>{a30d677b-344c-4926-a49a-9f1f5be3c029}</UniqueIdentifier>
    </Filter>
    <Filter Include="Header Files\Common">
      <UniqueIdentifier>{df94d2c8-cc37-483b-82d6-5c9e4412a235}</UniqueIdentifier>
    </Filter>
    <Filter Include="Header Files\Common\Encryption">
      <UniqueIdentifier>{fb57fab9-259c-4fb0-ad13-c95bcbb42c5b}</UniqueIdentifier>
    </Filter>
    <Filter Include="Source Files\Common\Encryption">
      <UniqueIdentifier>{3346ca8f-2c4e-4f2a-8dcb-5dd1b770b7b5}</UniqueIdentifier>
    </Filter>
    <Filter Include="Header Files\Common\GameLogic">
      <UniqueIdentifier>{401b7409-16b6-43e8-8a64-cef696399eee}</UniqueIdentifier>
    </Filter>
  </ItemGroup>
  <ItemGroup>
    <ClInclude Include="framework.h">
      <Filter>Header Files</Filter>
    </ClInclude>
    <ClInclude Include="pch.h">
      <Filter>Header Files</Filter>
    </ClInclude>
    <ClInclude Include="RANCore.h">
      <Filter>Header Files</Filter>
    </ClInclude>
    <ClInclude Include="Common\Encryption\ByteComposition.h">
      <Filter>Header Files\Common\Encryption</Filter>
    </ClInclude>
    <ClInclude Include="Common\Encryption\DoubleBuffering.h">
      <Filter>Header Files\Common\Encryption</Filter>
    </ClInclude>
    <ClInclude Include="Common\Encryption\Method.h">
      <Filter>Header Files\Common\Encryption</Filter>
    </ClInclude>
    <ClInclude Include="Common\Encryption\Rijndael.h">
      <Filter>Header Files\Common\Encryption</Filter>
    </ClInclude>
    <ClInclude Include="Common\Encryption\SHA.h">
      <Filter>Header Files\Common\Encryption</Filter>
    </ClInclude>
    <ClInclude Include="Common\Encryption\StlFunctions.h">
      <Filter>Header Files\Common\Encryption</Filter>
    </ClInclude>
    <ClInclude Include="Common\GameLogic\GLQuadTree.h">
      <Filter>Header Files\Common\GameLogic</Filter>
    </ClInclude>
    <ClInclude Include="Common\GameLogic\GLList.h">
      <Filter>Header Files\Common\GameLogic</Filter>
    </ClInclude>
  </ItemGroup>
  <ItemGroup>
    <ClCompile Include="RANCore.cpp">
      <Filter>Source Files</Filter>
    </ClCompile>
    <ClCompile Include="pch.cpp">
      <Filter>Source Files</Filter>
    </ClCompile>
    <ClCompile Include="Common\Encryption\ByteComposition.cpp">
      <Filter>Source Files\Common\Encryption</Filter>
    </ClCompile>
    <ClCompile Include="Common\Encryption\DoubleBuffering.cpp">
      <Filter>Source Files\Common\Encryption</Filter>
    </ClCompile>
    <ClCompile Include="Common\Encryption\Method.cpp">
      <Filter>Source Files\Common\Encryption</Filter>
    </ClCompile>
    <ClCompile Include="Common\Encryption\Rijndael.cpp">
      <Filter>Source Files\Common\Encryption</Filter>
    </ClCompile>
    <ClCompile Include="Common\Encryption\SHA.cpp">
      <Filter>Source Files\Common\Encryption</Filter>
    </ClCompile>
  </ItemGroup>
</Project>